
Microsoft Visual Studio Solution File, Format Version 12.00
# Visual Studio Version 17
VisualStudioVersion = 17.5.33516.290
MinimumVisualStudioVersion = 10.0.40219.1
Project("{FAE04EC0-301F-11D3-BF4B-00C04F79EFBC}") = "PiShockApi", "PiShockApi\PiShockApi.csproj", "{7C54FA19-5DE8-4738-B502-8AF668F30984}"
EndProject
Global
	GlobalSection(SolutionConfigurationPlatforms) = preSolution
		Debug|Any CPU = Debug|Any CPU
		Release|Any CPU = Release|Any CPU
	EndGlobalSection
	GlobalSection(ProjectConfigurationPlatforms) = postSolution
		{7C54FA19-5DE8-4738-B502-8AF668F30984}.Debug|Any CPU.ActiveCfg = Debug|Any CPU
		{7C54FA19-5DE8-4738-B502-8AF668F30984}.Debug|Any CPU.Build.0 = Debug|Any CPU
		{7C54FA19-5DE8-4738-B502-8AF668F30984}.Release|Any CPU.ActiveCfg = Release|Any CPU
		{7C54FA19-5DE8-4738-B502-8AF668F30984}.Release|Any CPU.Build.0 = Release|Any CPU
	EndGlobalSection
	GlobalSection(SolutionProperties) = preSolution
		HideSolutionNode = FALSE
	EndGlobalSection
	GlobalSection(ExtensibilityGlobals) = postSolution
		SolutionGuid = {3962DC33-7675-4556-8CEC-FD83EF3850D5}
	EndGlobalSection
EndGlobal
